
Microsoft Visual Studio Solution File, Format Version 12.00
# Visual Studio Version 17
VisualStudioVersion = 17.2.32616.157
MinimumVisualStudioVersion = 10.0.40219.1
Project("{FAE04EC0-301F-11D3-BF4B-00C04F79EFBC}") = "ConsoleApp15", "ConsoleApp15\ConsoleApp15.csproj", "{439CB984-40B7-43DA-A3F2-942C9381B180}"
EndProject
Global
	GlobalSection(SolutionConfigurationPlatforms) = preSolution
		Debug|Any CPU = Debug|Any CPU
		Release|Any CPU = Release|Any CPU
	EndGlobalSection
	GlobalSection(ProjectConfigurationPlatforms) = postSolution
		{439CB984-40B7-43DA-A3F2-942C9381B180}.Debug|Any CPU.ActiveCfg = Debug|Any CPU
		{439CB984-40B7-43DA-A3F2-942C9381B180}.Debug|Any CPU.Build.0 = Debug|Any CPU
		{439CB984-40B7-43DA-A3F2-942C9381B180}.Release|Any CPU.ActiveCfg = Release|Any CPU
		{439CB984-40B7-43DA-A3F2-942C9381B180}.Release|Any CPU.Build.0 = Release|Any CPU
	EndGlobalSection
	GlobalSection(SolutionProperties) = preSolution
		HideSolutionNode = FALSE
	EndGlobalSection
	GlobalSection(ExtensibilityGlobals) = postSolution
		SolutionGuid = {DDA451FF-2D0E-4C47-AFF4-46A645C833DE}
	EndGlobalSection
EndGlobal
